
Microsoft Visual Studio Solution File, Format Version 12.00
Project("{FAE04EC0-301F-11D3-BF4B-00C04F79EFBC}") = "SemanticKernel.StateMachine", "SemanticKernel.StateMachine\SemanticKernel.StateMachine.csproj", "{3EFBFF4C-33DD-41C8-85A7-37F44E3281A0}"
EndProject
Project("{FAE04EC0-301F-11D3-BF4B-00C04F79EFBC}") = "Tests", "Tests\Tests.csproj", "{2EB19D57-D905-4BDF-8767-5799B8AD2F1D}"
EndProject
Global
	GlobalSection(SolutionConfigurationPlatforms) = preSolution
		Debug|Any CPU = Debug|Any CPU
		Release|Any CPU = Release|Any CPU
	EndGlobalSection
	GlobalSection(ProjectConfigurationPlatforms) = postSolution
		{3EFBFF4C-33DD-41C8-85A7-37F44E3281A0}.Debug|Any CPU.ActiveCfg = Debug|Any CPU
		{3EFBFF4C-33DD-41C8-85A7-37F44E3281A0}.Debug|Any CPU.Build.0 = Debug|Any CPU
		{3EFBFF4C-33DD-41C8-85A7-37F44E3281A0}.Release|Any CPU.ActiveCfg = Release|Any CPU
		{3EFBFF4C-33DD-41C8-85A7-37F44E3281A0}.Release|Any CPU.Build.0 = Release|Any CPU
		{2EB19D57-D905-4BDF-8767-5799B8AD2F1D}.Debug|Any CPU.ActiveCfg = Debug|Any CPU
		{2EB19D57-D905-4BDF-8767-5799B8AD2F1D}.Debug|Any CPU.Build.0 = Debug|Any CPU
		{2EB19D57-D905-4BDF-8767-5799B8AD2F1D}.Release|Any CPU.ActiveCfg = Release|Any CPU
		{2EB19D57-D905-4BDF-8767-5799B8AD2F1D}.Release|Any CPU.Build.0 = Release|Any CPU
	EndGlobalSection
EndGlobal
